
Microsoft Visual Studio Solution File, Format Version 12.00
# Visual Studio Version 17
VisualStudioVersion = 17.9.34723.18
MinimumVisualStudioVersion = 10.0.40219.1
Project("{2150E333-8FDC-42A3-9474-1A3956D46DE8}") = "Application", "Application", "{750B4785-010A-4A7E-A5A2-39C237C832E4}"
EndProject
Project("{2150E333-8FDC-42A3-9474-1A3956D46DE8}") = "Domain", "Domain", "{C88B7AC9-336B-46FE-ADB7-17090B5D604E}"
EndProject
Project("{2150E333-8FDC-42A3-9474-1A3956D46DE8}") = "Infrastructure", "Infrastructure", "{01293698-6B37-4693-B88A-AD73914D2C0D}"
EndProject
Project("{9A19103F-16F7-4668-BE54-9A1E7A4F7556}") = "Domain", "Domain\Domain.csproj", "{2501EC8D-1B3E-44CF-A1E8-CB5291367381}"
EndProject
Project("{9A19103F-16F7-4668-BE54-9A1E7A4F7556}") = "Infrastructure.Data", "Infrastructure\Infrastructure.Data.csproj", "{F43116A5-9FB3-43BB-A1D1-219261A8603F}"
EndProject
Project("{2150E333-8FDC-42A3-9474-1A3956D46DE8}") = "WebAPI", "WebAPI", "{50D8086C-A083-45D3-856C-96BD27A4B9CD}"
EndProject
Project("{9A19103F-16F7-4668-BE54-9A1E7A4F7556}") = "WebAPI", "WebAPI\WebAPI.csproj", "{941F4F6A-B970-4997-9DBF-6B8B6AF43710}"
EndProject
Project("{9A19103F-16F7-4668-BE54-9A1E7A4F7556}") = "Infrastructure.Repository", "Infrastructure.Repository\Infrastructure.Repository.csproj", "{F0E98D4A-DD90-4555-93E5-39DE9CCB5ED2}"
EndProject
Project("{9A19103F-16F7-4668-BE54-9A1E7A4F7556}") = "Infrastructure.Interface", "Infrastructure.Interface\Infrastructure.Interface.csproj", "{15766D51-662C-4841-9E66-F910E531D13A}"
EndProject
Project("{9A19103F-16F7-4668-BE54-9A1E7A4F7556}") = "Application.Interface", "Application.Interface\Application.Interface.csproj", "{C16805EF-C771-4CFE-8B55-BFEEFD4B5E43}"
EndProject
Project("{9A19103F-16F7-4668-BE54-9A1E7A4F7556}") = "Application.Main", "Application.Main\Application.Main.csproj", "{33980AEE-1F01-4A41-B068-975666B102BC}"
EndProject
Project("{9A19103F-16F7-4668-BE54-9A1E7A4F7556}") = "Application.Dto", "Application.Dto\Application.Dto.csproj", "{1088476E-F6E2-4127-B441-90CBABA9B95E}"
EndProject
Project("{9A19103F-16F7-4668-BE54-9A1E7A4F7556}") = "Mappings", "Mappings\Mappings.csproj", "{77FEF3F8-7323-4105-BB0A-45283E5B4E97}"
EndProject
Project("{2150E333-8FDC-42A3-9474-1A3956D46DE8}") = "Tests", "Tests", "{0EED7FC2-F44A-47B8-B971-BBBDB85838B7}"
EndProject
Project("{FAE04EC0-301F-11D3-BF4B-00C04F79EFBC}") = "TestControllers", "TestControllers\TestControllers.csproj", "{917C08EC-C91E-4106-BB82-9D55879368B5}"
EndProject
Project("{FAE04EC0-301F-11D3-BF4B-00C04F79EFBC}") = "TestsApplication", "TestsApplication\TestsApplication.csproj", "{D69BF321-779E-454A-9D09-816EAA21E33F}"
EndProject
Global
	GlobalSection(SolutionConfigurationPlatforms) = preSolution
		Debug|Any CPU = Debug|Any CPU
		Release|Any CPU = Release|Any CPU
	EndGlobalSection
	GlobalSection(ProjectConfigurationPlatforms) = postSolution
		{2501EC8D-1B3E-44CF-A1E8-CB5291367381}.Debug|Any CPU.ActiveCfg = Debug|Any CPU
		{2501EC8D-1B3E-44CF-A1E8-CB5291367381}.Debug|Any CPU.Build.0 = Debug|Any CPU
		{2501EC8D-1B3E-44CF-A1E8-CB5291367381}.Release|Any CPU.ActiveCfg = Release|Any CPU
		{2501EC8D-1B3E-44CF-A1E8-CB5291367381}.Release|Any CPU.Build.0 = Release|Any CPU
		{F43116A5-9FB3-43BB-A1D1-219261A8603F}.Debug|Any CPU.ActiveCfg = Debug|Any CPU
		{F43116A5-9FB3-43BB-A1D1-219261A8603F}.Debug|Any CPU.Build.0 = Debug|Any CPU
		{F43116A5-9FB3-43BB-A1D1-219261A8603F}.Release|Any CPU.ActiveCfg = Release|Any CPU
		{F43116A5-9FB3-43BB-A1D1-219261A8603F}.Release|Any CPU.Build.0 = Release|Any CPU
		{941F4F6A-B970-4997-9DBF-6B8B6AF43710}.Debug|Any CPU.ActiveCfg = Debug|Any CPU
		{941F4F6A-B970-4997-9DBF-6B8B6AF43710}.Debug|Any CPU.Build.0 = Debug|Any CPU
		{941F4F6A-B970-4997-9DBF-6B8B6AF43710}.Release|Any CPU.ActiveCfg = Release|Any CPU
		{941F4F6A-B970-4997-9DBF-6B8B6AF43710}.Release|Any CPU.Build.0 = Release|Any CPU
		{F0E98D4A-DD90-4555-93E5-39DE9CCB5ED2}.Debug|Any CPU.ActiveCfg = Debug|Any CPU
		{F0E98D4A-DD90-4555-93E5-39DE9CCB5ED2}.Debug|Any CPU.Build.0 = Debug|Any CPU
		{F0E98D4A-DD90-4555-93E5-39DE9CCB5ED2}.Release|Any CPU.ActiveCfg = Release|Any CPU
		{F0E98D4A-DD90-4555-93E5-39DE9CCB5ED2}.Release|Any CPU.Build.0 = Release|Any CPU
		{15766D51-662C-4841-9E66-F910E531D13A}.Debug|Any CPU.ActiveCfg = Debug|Any CPU
		{15766D51-662C-4841-9E66-F910E531D13A}.Debug|Any CPU.Build.0 = Debug|Any CPU
		{15766D51-662C-4841-9E66-F910E531D13A}.Release|Any CPU.ActiveCfg = Release|Any CPU
		{15766D51-662C-4841-9E66-F910E531D13A}.Release|Any CPU.Build.0 = Release|Any CPU
		{C16805EF-C771-4CFE-8B55-BFEEFD4B5E43}.Debug|Any CPU.ActiveCfg = Debug|Any CPU
		{C16805EF-C771-4CFE-8B55-BFEEFD4B5E43}.Debug|Any CPU.Build.0 = Debug|Any CPU
		{C16805EF-C771-4CFE-8B55-BFEEFD4B5E43}.Release|Any CPU.ActiveCfg = Release|Any CPU
		{C16805EF-C771-4CFE-8B55-BFEEFD4B5E43}.Release|Any CPU.Build.0 = Release|Any CPU
		{33980AEE-1F01-4A41-B068-975666B102BC}.Debug|Any CPU.ActiveCfg = Debug|Any CPU
		{33980AEE-1F01-4A41-B068-975666B102BC}.Debug|Any CPU.Build.0 = Debug|Any CPU
		{33980AEE-1F01-4A41-B068-975666B102BC}.Release|Any CPU.ActiveCfg = Release|Any CPU
		{33980AEE-1F01-4A41-B068-975666B102BC}.Release|Any CPU.Build.0 = Release|Any CPU
		{1088476E-F6E2-4127-B441-90CBABA9B95E}.Debug|Any CPU.ActiveCfg = Debug|Any CPU
		{1088476E-F6E2-4127-B441-90CBABA9B95E}.Debug|Any CPU.Build.0 = Debug|Any CPU
		{1088476E-F6E2-4127-B441-90CBABA9B95E}.Release|Any CPU.ActiveCfg = Release|Any CPU
		{1088476E-F6E2-4127-B441-90CBABA9B95E}.Release|Any CPU.Build.0 = Release|Any CPU
		{77FEF3F8-7323-4105-BB0A-45283E5B4E97}.Debug|Any CPU.ActiveCfg = Debug|Any CPU
		{77FEF3F8-7323-4105-BB0A-45283E5B4E97}.Debug|Any CPU.Build.0 = Debug|Any CPU
		{77FEF3F8-7323-4105-BB0A-45283E5B4E97}.Release|Any CPU.ActiveCfg = Release|Any CPU
		{77FEF3F8-7323-4105-BB0A-45283E5B4E97}.Release|Any CPU.Build.0 = Release|Any CPU
		{917C08EC-C91E-4106-BB82-9D55879368B5}.Debug|Any CPU.ActiveCfg = Debug|Any CPU
		{917C08EC-C91E-4106-BB82-9D55879368B5}.Debug|Any CPU.Build.0 = Debug|Any CPU
		{917C08EC-C91E-4106-BB82-9D55879368B5}.Release|Any CPU.ActiveCfg = Release|Any CPU
		{917C08EC-C91E-4106-BB82-9D55879368B5}.Release|Any CPU.Build.0 = Release|Any CPU
		{D69BF321-779E-454A-9D09-816EAA21E33F}.Debug|Any CPU.ActiveCfg = Debug|Any CPU
		{D69BF321-779E-454A-9D09-816EAA21E33F}.Debug|Any CPU.Build.0 = Debug|Any CPU
		{D69BF321-779E-454A-9D09-816EAA21E33F}.Release|Any CPU.ActiveCfg = Release|Any CPU
		{D69BF321-779E-454A-9D09-816EAA21E33F}.Release|Any CPU.Build.0 = Release|Any CPU
	EndGlobalSection
	GlobalSection(SolutionProperties) = preSolution
		HideSolutionNode = FALSE
	EndGlobalSection
	GlobalSection(NestedProjects) = preSolution
		{2501EC8D-1B3E-44CF-A1E8-CB5291367381} = {C88B7AC9-336B-46FE-ADB7-17090B5D604E}
		{F43116A5-9FB3-43BB-A1D1-219261A8603F} = {01293698-6B37-4693-B88A-AD73914D2C0D}
		{941F4F6A-B970-4997-9DBF-6B8B6AF43710} = {50D8086C-A083-45D3-856C-96BD27A4B9CD}
		{F0E98D4A-DD90-4555-93E5-39DE9CCB5ED2} = {01293698-6B37-4693-B88A-AD73914D2C0D}
		{15766D51-662C-4841-9E66-F910E531D13A} = {01293698-6B37-4693-B88A-AD73914D2C0D}
		{C16805EF-C771-4CFE-8B55-BFEEFD4B5E43} = {750B4785-010A-4A7E-A5A2-39C237C832E4}
		{33980AEE-1F01-4A41-B068-975666B102BC} = {750B4785-010A-4A7E-A5A2-39C237C832E4}
		{1088476E-F6E2-4127-B441-90CBABA9B95E} = {750B4785-010A-4A7E-A5A2-39C237C832E4}
		{77FEF3F8-7323-4105-BB0A-45283E5B4E97} = {750B4785-010A-4A7E-A5A2-39C237C832E4}
		{917C08EC-C91E-4106-BB82-9D55879368B5} = {0EED7FC2-F44A-47B8-B971-BBBDB85838B7}
		{D69BF321-779E-454A-9D09-816EAA21E33F} = {0EED7FC2-F44A-47B8-B971-BBBDB85838B7}
	EndGlobalSection
	GlobalSection(ExtensibilityGlobals) = postSolution
		SolutionGuid = {A02961AA-F258-4348-A926-41A6FE5AF3ED}
	EndGlobalSection
EndGlobal
